
Microsoft Visual Studio Solution File, Format Version 10.00
# Visual Studio 2008
Project("{8BC9CEB8-8B4A-11D0-8D11-00A0C91BC942}") = "funcsim", "sources\funcsim\funcsim.vcproj", "{FA9F9386-C52D-41C1-837B-425E72DE619D}"
EndProject
Project("{8BC9CEB8-8B4A-11D0-8D11-00A0C91BC942}") = "test", "sources\funcsim\test.vcproj", "{E3C00D84-9007-4552-A86B-B3F4D1799457}"
EndProject
Project("{8BC9CEB8-8B4A-11D0-8D11-00A0C91BC942}") = "asm", "sources\asm\asm.vcproj", "{EEEE95F6-0EC0-41D7-9D8D-64BB21A1DD6C}"
EndProject
Global
	GlobalSection(SolutionConfigurationPlatforms) = preSolution
		Debug|Win32 = Debug|Win32
		Release|Win32 = Release|Win32
	EndGlobalSection
	GlobalSection(ProjectConfigurationPlatforms) = postSolution
		{FA9F9386-C52D-41C1-837B-425E72DE619D}.Debug|Win32.ActiveCfg = Debug|Win32
		{FA9F9386-C52D-41C1-837B-425E72DE619D}.Debug|Win32.Build.0 = Debug|Win32
		{FA9F9386-C52D-41C1-837B-425E72DE619D}.Release|Win32.ActiveCfg = Release|Win32
		{FA9F9386-C52D-41C1-837B-425E72DE619D}.Release|Win32.Build.0 = Release|Win32
		{E3C00D84-9007-4552-A86B-B3F4D1799457}.Debug|Win32.ActiveCfg = Debug|Win32
		{E3C00D84-9007-4552-A86B-B3F4D1799457}.Debug|Win32.Build.0 = Debug|Win32
		{E3C00D84-9007-4552-A86B-B3F4D1799457}.Release|Win32.ActiveCfg = Release|Win32
		{E3C00D84-9007-4552-A86B-B3F4D1799457}.Release|Win32.Build.0 = Release|Win32
		{EEEE95F6-0EC0-41D7-9D8D-64BB21A1DD6C}.Debug|Win32.ActiveCfg = Debug|Win32
		{EEEE95F6-0EC0-41D7-9D8D-64BB21A1DD6C}.Debug|Win32.Build.0 = Debug|Win32
		{EEEE95F6-0EC0-41D7-9D8D-64BB21A1DD6C}.Release|Win32.ActiveCfg = Release|Win32
		{EEEE95F6-0EC0-41D7-9D8D-64BB21A1DD6C}.Release|Win32.Build.0 = Release|Win32
	EndGlobalSection
	GlobalSection(SolutionProperties) = preSolution
		HideSolutionNode = FALSE
	EndGlobalSection
EndGlobal
